{
    "hash": "fdf024cacf888ff69790c9a5998c90e4",
    "packages": [
        {
            "package": "slim/extras",
            "version": "dev-release-1.0.3",
            "source-reference": "4844cfdbd7725b89a8d1d11de9416df24287e1bf",
            "commit-date": "1344336139"
        },
        {
            "package": "slim/slim",
            "version": "1.6.5"
        },
        {
            "package": "twig/twig",
            "version": "dev-master",
            "alias-pretty-version": "1.9.x-dev",
            "alias-version": "1.9.9999999.9999999-dev"
        },
        {
            "package": "twig/twig",
            "version": "dev-master",
            "source-reference": "f2f698c820d4396f519ef4175ad6fe79fcfb9ecf",
            "commit-date": "1344328685"
        },
        {
            "package": "zendframework/zend-authentication",
            "version": "2.0.0rc2"
        }
    ],
    "packages-dev": null,
    "aliases": [

    ],
    "minimum-stability": "dev",
    "stability-flags": {
        "slim/extras": 20,
        "zendframework/zend-authentication": 20
    }
}
