{
    "hash": "e0aa14828c33f8f244f44820d21fdc1e",
    "packages": [
        {
            "name": "rych/phpass",
            "version": "dev-master",
            "source": {
                "type": "git",
                "url": "git://github.com/rchouinard/phpass.git",
                "reference": "565df4bb93fe8926ae976ce975bfc89d782d0bf7"
            },
            "dist": {
                "type": "zip",
                "url": "https://github.com/rchouinard/phpass/archive/565df4bb93fe8926ae976ce975bfc89d782d0bf7.zip",
                "reference": "565df4bb93fe8926ae976ce975bfc89d782d0bf7",
                "shasum": ""
            },
            "require": {
                "php": ">=5.3.7"
            },
            "suggest": {
                "ext-hash": "Some modules and features may require the HASH Message Digest Framework extension in order to work.",
                "ext-openssl": "The OpenSSL extension is used as a secure source of random data."
            },
            "time": "1350004671",
            "type": "library",
            "extra": {
                "branch-alias": {
                    "dev-master": "2.1-dev"
                }
            },
            "installation-source": "source",
            "autoload": {
                "psr-0": {
                    "Phpass": "src/"
                }
            },
            "license": [
                "MIT"
            ],
            "authors": [
                {
                    "name": "Ryan Chouinard",
                    "email": "rchouinard@gmail.com",
                    "homepage": "http://ryanchouinard.com"
                }
            ],
            "description": "PHP Password Library: Easy, secure password management for PHP",
            "homepage": "https://github.com/rchouinard/phpass",
            "keywords": [
                "cryptography",
                "password"
            ]
        },
        {
            "name": "slim/extras",
            "version": "2.0.1",
            "target-dir": "Slim/Extras",
            "source": {
                "type": "git",
                "url": "https://github.com/codeguy/Slim-Extras",
                "reference": "2.0.1"
            },
            "dist": {
                "type": "zip",
                "url": "https://github.com/codeguy/Slim-Extras/zipball/2.0.1",
                "reference": "2.0.1",
                "shasum": ""
            },
            "require": {
                "slim/slim": ">=2.0.0",
                "php": ">=5.3.0"
            },
            "time": "2012-10-26 03:19:35",
            "type": "library",
            "installation-source": "dist",
            "autoload": {
                "psr-0": {
                    "Twig_Extensions_": "Views/Extension/",
                    "Slim\\Extras": "."
                }
            },
            "license": [
                "MIT"
            ],
            "authors": [
                {
                    "name": "Andrew Smith",
                    "email": "a.smith@silentworks.co.uk",
                    "homepage": "http://www.silentworks.co.uk/"
                },
                {
                    "name": "Josh Lockhart",
                    "email": "info@joshlockhart.com",
                    "homepage": "http://www.joshlockhart.com/"
                }
            ],
            "description": "Extras package for the Slim Framework",
            "homepage": "http://github.com/codeguy/Slim-Extras",
            "keywords": [
                "templating",
                "extensions"
            ]
        },
        {
            "name": "slim/slim",
            "version": "2.1.0",
            "source": {
                "type": "git",
                "url": "https://github.com/codeguy/Slim",
                "reference": "2.1.0"
            },
            "dist": {
                "type": "zip",
                "url": "https://github.com/codeguy/Slim/zipball/2.1.0",
                "reference": "2.1.0",
                "shasum": ""
            },
            "require": {
                "php": ">=5.3.0"
            },
            "time": "2012-09-12 09:07:46",
            "type": "library",
            "installation-source": "dist",
            "autoload": {
                "psr-0": {
                    "Slim": "."
                }
            },
            "license": [
                "MIT"
            ],
            "authors": [
                {
                    "name": "Josh Lockhart",
                    "email": "info@joshlockhart.com",
                    "homepage": "http://www.joshlockhart.com/"
                }
            ],
            "description": "Slim Framework, a PHP micro framework",
            "homepage": "http://github.com/codeguy/Slim",
            "keywords": [
                "microframework",
                "rest",
                "router"
            ]
        },
        {
            "name": "twig/twig",
            "version": "v1.10.3",
            "source": {
                "type": "git",
                "url": "git://github.com/fabpot/Twig.git",
                "reference": "v1.10.3"
            },
            "dist": {
                "type": "zip",
                "url": "https://github.com/fabpot/Twig/zipball/v1.10.3",
                "reference": "v1.10.3",
                "shasum": ""
            },
            "require": {
                "php": ">=5.2.4"
            },
            "time": "2012-10-19 03:45:49",
            "type": "library",
            "extra": {
                "branch-alias": {
                    "dev-master": "1.10-dev"
                }
            },
            "installation-source": "dist",
            "autoload": {
                "psr-0": {
                    "Twig_": "lib/"
                }
            },
            "license": [
                "BSD-3"
            ],
            "authors": [
                {
                    "name": "Fabien Potencier",
                    "email": "fabien@symfony.com"
                },
                {
                    "name": "Armin Ronacher",
                    "email": "armin.ronacher@active-4.com"
                }
            ],
            "description": "Twig, the flexible, fast, and secure template language for PHP",
            "homepage": "http://twig.sensiolabs.org",
            "keywords": [
                "templating"
            ]
        },
        {
            "name": "zendframework/zend-authentication",
            "version": "2.0.3",
            "target-dir": "Zend/Authentication",
            "dist": {
                "type": "zip",
                "url": "http://packages.zendframework.com/composer/Zend_Authentication-2.0.3.zip",
                "reference": null,
                "shasum": null
            },
            "require": {
                "php": ">=5.3.3",
                "zendframework/zend-stdlib": "self.version"
            },
            "suggest": {
                "zendframework/zend-db": "Zend\\Db component",
                "zendframework/zend-uri": "Zend\\Uri component",
                "zendframework/zend-session": "Zend\\Session component"
            },
            "type": "library",
            "installation-source": "dist",
            "autoload": {
                "psr-0": {
                    "Zend\\Authentication\\": ""
                }
            },
            "license": [
                "BSD-3-Clause"
            ],
            "description": "provides an API for authentication and includes concrete authentication adapters for common use case scenarios",
            "homepage": "http://packages.zendframework.com/",
            "keywords": [
                "zf2",
                "authentication"
            ],
            "support": {
                "email": "fw-general-subscribe@lists.zend.com",
                "irc": "irc://irc.freenode.net/zftalk",
                "issues": "https://github.com/zendframework/zf2/issues",
                "source": "https://github.com/zendframework/zf2"
            }
        },
        {
            "name": "zendframework/zend-cache",
            "version": "2.0.3",
            "target-dir": "Zend/Cache",
            "dist": {
                "type": "zip",
                "url": "http://packages.zendframework.com/composer/Zend_Cache-2.0.3.zip",
                "reference": null,
                "shasum": null
            },
            "require": {
                "php": ">=5.3.3",
                "zendframework/zend-stdlib": "self.version",
                "zendframework/zend-servicemanager": "self.version",
                "zendframework/zend-eventmanager": "self.version"
            },
            "suggest": {
                "zendframework/zend-log": "Zend\\Log component"
            },
            "type": "library",
            "installation-source": "dist",
            "autoload": {
                "psr-0": {
                    "Zend\\Cache\\": ""
                }
            },
            "license": [
                "BSD-3-Clause"
            ],
            "description": "provides a generic way to cache any data",
            "homepage": "http://packages.zendframework.com/",
            "keywords": [
                "zf2",
                "cache"
            ],
            "support": {
                "email": "fw-general-subscribe@lists.zend.com",
                "irc": "irc://irc.freenode.net/zftalk",
                "issues": "https://github.com/zendframework/zf2/issues",
                "source": "https://github.com/zendframework/zf2"
            }
        },
        {
            "name": "zendframework/zend-eventmanager",
            "version": "2.0.3",
            "target-dir": "Zend/EventManager",
            "dist": {
                "type": "zip",
                "url": "http://packages.zendframework.com/composer/Zend_EventManager-2.0.3.zip",
                "reference": null,
                "shasum": null
            },
            "require": {
                "php": ">=5.3.3",
                "zendframework/zend-stdlib": "self.version"
            },
            "type": "library",
            "installation-source": "dist",
            "autoload": {
                "psr-0": {
                    "Zend\\EventManager\\": ""
                }
            },
            "license": [
                "BSD-3-Clause"
            ],
            "description": " ",
            "homepage": "http://packages.zendframework.com/",
            "keywords": [
                "zf2",
                "eventmanager"
            ],
            "support": {
                "email": "fw-general-subscribe@lists.zend.com",
                "irc": "irc://irc.freenode.net/zftalk",
                "issues": "https://github.com/zendframework/zf2/issues",
                "source": "https://github.com/zendframework/zf2"
            }
        },
        {
            "name": "zendframework/zend-json",
            "version": "2.0.3",
            "target-dir": "Zend/Json",
            "dist": {
                "type": "zip",
                "url": "http://packages.zendframework.com/composer/Zend_Json-2.0.3.zip",
                "reference": null,
                "shasum": null
            },
            "require": {
                "php": ">=5.3.3",
                "zendframework/zend-stdlib": "self.version"
            },
            "suggest": {
                "zendframework/zend-server": "Zend\\Server component"
            },
            "type": "library",
            "installation-source": "dist",
            "autoload": {
                "psr-0": {
                    "Zend\\Json\\": ""
                }
            },
            "license": [
                "BSD-3-Clause"
            ],
            "description": "provides convenience methods for serializing native PHP to JSON and decoding JSON to native PHP",
            "homepage": "http://packages.zendframework.com/",
            "keywords": [
                "zf2",
                "json"
            ],
            "support": {
                "email": "fw-general-subscribe@lists.zend.com",
                "irc": "irc://irc.freenode.net/zftalk",
                "issues": "https://github.com/zendframework/zf2/issues",
                "source": "https://github.com/zendframework/zf2"
            }
        },
        {
            "name": "zendframework/zend-math",
            "version": "2.0.3",
            "target-dir": "Zend/Math",
            "dist": {
                "type": "zip",
                "url": "http://packages.zendframework.com/composer/Zend_Math-2.0.3.zip",
                "reference": null,
                "shasum": null
            },
            "require": {
                "php": ">=5.3.3"
            },
            "type": "library",
            "installation-source": "dist",
            "autoload": {
                "psr-0": {
                    "Zend\\Math\\": ""
                }
            },
            "license": [
                "BSD-3-Clause"
            ],
            "description": " ",
            "homepage": "http://packages.zendframework.com/",
            "keywords": [
                "zf2",
                "math"
            ],
            "support": {
                "email": "fw-general-subscribe@lists.zend.com",
                "irc": "irc://irc.freenode.net/zftalk",
                "issues": "https://github.com/zendframework/zf2/issues",
                "source": "https://github.com/zendframework/zf2"
            }
        },
        {
            "name": "zendframework/zend-serializer",
            "version": "2.0.3",
            "target-dir": "Zend/Serializer",
            "dist": {
                "type": "zip",
                "url": "http://packages.zendframework.com/composer/Zend_Serializer-2.0.3.zip",
                "reference": null,
                "shasum": null
            },
            "require": {
                "php": ">=5.3.3",
                "zendframework/zend-stdlib": "self.version",
                "zendframework/zend-json": "self.version",
                "zendframework/zend-math": "self.version"
            },
            "type": "library",
            "installation-source": "dist",
            "autoload": {
                "psr-0": {
                    "Zend\\Serializer\\": ""
                }
            },
            "license": [
                "BSD-3-Clause"
            ],
            "description": "provides an adapter based interface to simply generate storable representation of PHP types by different facilities, and recover",
            "homepage": "http://packages.zendframework.com/",
            "keywords": [
                "zf2",
                "serializer"
            ],
            "support": {
                "email": "fw-general-subscribe@lists.zend.com",
                "irc": "irc://irc.freenode.net/zftalk",
                "issues": "https://github.com/zendframework/zf2/issues",
                "source": "https://github.com/zendframework/zf2"
            }
        },
        {
            "name": "zendframework/zend-servicemanager",
            "version": "2.0.3",
            "target-dir": "Zend/ServiceManager",
            "dist": {
                "type": "zip",
                "url": "http://packages.zendframework.com/composer/Zend_ServiceManager-2.0.3.zip",
                "reference": null,
                "shasum": null
            },
            "require": {
                "php": ">=5.3.3"
            },
            "suggest": {
                "zendframework/zend-di": "Zend\\Di component"
            },
            "type": "library",
            "installation-source": "dist",
            "autoload": {
                "psr-0": {
                    "Zend\\ServiceManager\\": ""
                }
            },
            "license": [
                "BSD-3-Clause"
            ],
            "description": " ",
            "homepage": "http://packages.zendframework.com/",
            "keywords": [
                "zf2",
                "servicemanager"
            ],
            "support": {
                "email": "fw-general-subscribe@lists.zend.com",
                "irc": "irc://irc.freenode.net/zftalk",
                "issues": "https://github.com/zendframework/zf2/issues",
                "source": "https://github.com/zendframework/zf2"
            }
        },
        {
            "name": "zendframework/zend-stdlib",
            "version": "2.0.3",
            "target-dir": "Zend/Stdlib",
            "dist": {
                "type": "zip",
                "url": "http://packages.zendframework.com/composer/Zend_Stdlib-2.0.3.zip",
                "reference": null,
                "shasum": null
            },
            "require": {
                "php": ">=5.3.3"
            },
            "suggest": {
                "pecl-weakref": "Implementation of weak references for Stdlib\\CallbackHandler"
            },
            "type": "library",
            "installation-source": "dist",
            "autoload": {
                "psr-0": {
                    "Zend\\Stdlib\\": ""
                }
            },
            "license": [
                "BSD-3-Clause"
            ],
            "description": " ",
            "homepage": "http://packages.zendframework.com/",
            "keywords": [
                "zf2",
                "stdlib"
            ],
            "support": {
                "email": "fw-general-subscribe@lists.zend.com",
                "irc": "irc://irc.freenode.net/zftalk",
                "issues": "https://github.com/zendframework/zf2/issues",
                "source": "https://github.com/zendframework/zf2"
            }
        }
    ],
    "packages-dev": null,
    "aliases": [

    ],
    "minimum-stability": "stable",
    "stability-flags": {
        "rych/phpass": 20
    }
}
